<Solution>
  <Configurations>
    <Platform Name="x64" />
  </Configurations>
  <Folder Name="/Qt/">
    <Project Path="Qt/KeyBrdReflectionCore_Qt/KeyBrdReflectionCore_Qt.vcxproj" Id="323e60c7-26bb-4576-9e4a-65f34f9f9d90" />
    <Project Path="Qt/KeyBrdReflectionWindow/KeyBrdReflectionWindow.vcxproj" Id="f35a2d05-b9da-4dd8-9ab7-cee6dafe8b04" />
  </Folder>
  <Folder Name="/WinCore/">
    <Project Path="WinCore/KeyBrdReflectionCore/KeyBrdReflectionCore.vcxproj" Id="ff8900cb-37d6-49b7-837a-0d55b033f4c6" />
    <Project Path="WinCore/stat_KeyBrdReflectionCore/stat_KeyBrdReflectionCore.vcxproj" Id="54eeba27-7457-49ce-8d42-091df007b8f7" />
  </Folder>
</Solution>
